// !$*UTF8*$!
{
	archiveVersion = 1;
	classes = {
	};
	objectVersion = 77;
	objects = {

/* Begin PBXContainerItemProxy section */
		FCAB87A22CCE9A2F00FEB804 /* PBXContainerItemProxy */ = {
			isa = PBXContainerItemProxy;
			containerPortal = FCAB87892CCE9A2E00FEB804 /* Project object */;
			proxyType = 1;
			remoteGlobalIDString = FCAB87902CCE9A2E00FEB804;
			remoteInfo = testIban;
		};
		FCAB87AC2CCE9A2F00FEB804 /* PBXContainerItemProxy */ = {
			isa = PBXContainerItemProxy;
			containerPortal = FCAB87892CCE9A2E00FEB804 /* Project object */;
			proxyType = 1;
			remoteGlobalIDString = FCAB87902CCE9A2E00FEB804;
			remoteInfo = testIban;
		};
/* End PBXContainerItemProxy section */

/* Begin PBXFileReference section */
		FCAB87912CCE9A2E00FEB804 /* testIban.app */ = {isa = PBXFileReference; explicitFileType = wrapper.application; includeInIndex = 0; path = testIban.app; sourceTree = BUILT_PRODUCTS_DIR; };
		FCAB87A12CCE9A2F00FEB804 /* testIbanTests.xctest */ = {isa = PBXFileReference; explicitFileType = wrapper.cfbundle; includeInIndex = 0; path = testIbanTests.xctest; sourceTree = BUILT_PRODUCTS_DIR; };
		FCAB87AB2CCE9A2F00FEB804 /* testIbanUITests.xctest */ = {isa = PBXFileReference; explicitFileType = wrapper.cfbundle; includeInIndex = 0; path = testIbanUITests.xctest; sourceTree = BUILT_PRODUCTS_DIR; };
/* End PBXFileReference section */

/* Begin PBXFileSystemSynchronizedRootGroup section */
		FCAB87932CCE9A2E00FEB804 /* testIban */ = {
			isa = PBXFileSystemSynchronizedRootGroup;
			path = testIban;
			sourceTree = "<group>";
		};
		FCAB87A42CCE9A2F00FEB804 /* testIbanTests */ = {
			isa = PBXFileSystemSynchronizedRootGroup;
			path = testIbanTests;
			sourceTree = "<group>";
		};
		FCAB87AE2CCE9A2F00FEB804 /* testIbanUITests */ = {
			isa = PBXFileSystemSynchronizedRootGroup;
			path = testIbanUITests;
			sourceTree = "<group>";
		};
/* End PBXFileSystemSynchronizedRootGroup section */

/* Begin PBXFrameworksBuildPhase section */
		FCAB878E2CCE9A2E00FEB804 /* Frameworks */ = {
			isa = PBXFrameworksBuildPhase;
			buildActionMask = 2147483647;
			files = (
			);
			runOnlyForDeploymentPostprocessing = 0;
		};
		FCAB879E2CCE9A2F00FEB804 /* Frameworks */ = {
			isa = PBXFrameworksBuildPhase;
			buildActionMask = 2147483647;
			files = (
			);
			runOnlyForDeploymentPostprocessing = 0;
		};
		FCAB87A82CCE9A2F00FEB804 /* Frameworks */ = {
			isa = PBXFrameworksBuildPhase;
			buildActionMask = 2147483647;
			files = (
			);
			runOnlyForDeploymentPostprocessing = 0;
		};
/* End PBXFrameworksBuildPhase section */

/* Begin PBXGroup section */
		FCAB87882CCE9A2E00FEB804 = {
			isa = PBXGroup;
			children = (
				FCAB87932CCE9A2E00FEB804 /* testIban */,
				FCAB87A42CCE9A2F00FEB804 /* testIbanTests */,
				FCAB87AE2CCE9A2F00FEB804 /* testIbanUITests */,
				FCAB87922CCE9A2E00FEB804 /* Products */,
			);
			sourceTree = "<group>";
		};
		FCAB87922CCE9A2E00FEB804 /* Products */ = {
			isa = PBXGroup;
			children = (
				FCAB87912CCE9A2E00FEB804 /* testIban.app */,
				FCAB87A12CCE9A2F00FEB804 /* testIbanTests.xctest */,
				FCAB87AB2CCE9A2F00FEB804 /* testIbanUITests.xctest */,
			);
			name = Products;
			sourceTree = "<group>";
		};
/* End PBXGroup section */

/* Begin PBXNativeTarget section */
		FCAB87902CCE9A2E00FEB804 /* testIban */ = {
			isa = PBXNativeTarget;
			buildConfigurationList = FCAB87B52CCE9A2F00FEB804 /* Build configuration list for PBXNativeTarget "testIban" */;
			buildPhases = (
				FCAB878D2CCE9A2E00FEB804 /* Sources */,
				FCAB878E2CCE9A2E00FEB804 /* Frameworks */,
				FCAB878F2CCE9A2E00FEB804 /* Resources */,
			);
			buildRules = (
			);
			dependencies = (
			);
			fileSystemSynchronizedGroups = (
				FCAB87932CCE9A2E00FEB804 /* testIban */,
			);
			name = testIban;
			packageProductDependencies = (
			);
			productName = testIban;
			productReference = FCAB87912CCE9A2E00FEB804 /* testIban.app */;
			productType = "com.apple.product-type.application";
		};
		FCAB87A02CCE9A2F00FEB804 /* testIbanTests */ = {
			isa = PBXNativeTarget;
			buildConfigurationList = FCAB87B82CCE9A2F00FEB804 /* Build configuration list for PBXNativeTarget "testIbanTests" */;
			buildPhases = (
				FCAB879D2CCE9A2F00FEB804 /* Sources */,
				FCAB879E2CCE9A2F00FEB804 /* Frameworks */,
				FCAB879F2CCE9A2F00FEB804 /* Resources */,
			);
			buildRules = (
			);
			dependencies = (
				FCAB87A32CCE9A2F00FEB804 /* PBXTargetDependency */,
			);
			fileSystemSynchronizedGroups = (
				FCAB87A42CCE9A2F00FEB804 /* testIbanTests */,
			);
			name = testIbanTests;
			packageProductDependencies = (
			);
			productName = testIbanTests;
			productReference = FCAB87A12CCE9A2F00FEB804 /* testIbanTests.xctest */;
			productType = "com.apple.product-type.bundle.unit-test";
		};
		FCAB87AA2CCE9A2F00FEB804 /* testIbanUITests */ = {
			isa = PBXNativeTarget;
			buildConfigurationList = FCAB87BB2CCE9A2F00FEB804 /* Build configuration list for PBXNativeTarget "testIbanUITests" */;
			buildPhases = (
				FCAB87A72CCE9A2F00FEB804 /* Sources */,
				FCAB87A82CCE9A2F00FEB804 /* Frameworks */,
				FCAB87A92CCE9A2F00FEB804 /* Resources */,
			);
			buildRules = (
			);
			dependencies = (
				FCAB87AD2CCE9A2F00FEB804 /* PBXTargetDependency */,
			);
			fileSystemSynchronizedGroups = (
				FCAB87AE2CCE9A2F00FEB804 /* testIbanUITests */,
			);
			name = testIbanUITests;
			packageProductDependencies = (
			);
			productName = testIbanUITests;
			productReference = FCAB87AB2CCE9A2F00FEB804 /* testIbanUITests.xctest */;
			productType = "com.apple.product-type.bundle.ui-testing";
		};
/* End PBXNativeTarget section */

/* Begin PBXProject section */
		FCAB87892CCE9A2E00FEB804 /* Project object */ = {
			isa = PBXProject;
			attributes = {
				BuildIndependentTargetsInParallel = 1;
				LastSwiftUpdateCheck = 1600;
				LastUpgradeCheck = 1600;
				TargetAttributes = {
					FCAB87902CCE9A2E00FEB804 = {
						CreatedOnToolsVersion = 16.0;
					};
					FCAB87A02CCE9A2F00FEB804 = {
						CreatedOnToolsVersion = 16.0;
						TestTargetID = FCAB87902CCE9A2E00FEB804;
					};
					FCAB87AA2CCE9A2F00FEB804 = {
						CreatedOnToolsVersion = 16.0;
						TestTargetID = FCAB87902CCE9A2E00FEB804;
					};
				};
			};
			buildConfigurationList = FCAB878C2CCE9A2E00FEB804 /* Build configuration list for PBXProject "testIban" */;
			developmentRegion = en;
			hasScannedForEncodings = 0;
			knownRegions = (
				en,
				Base,
			);
			mainGroup = FCAB87882CCE9A2E00FEB804;
			minimizedProjectReferenceProxies = 1;
			preferredProjectObjectVersion = 77;
			productRefGroup = FCAB87922CCE9A2E00FEB804 /* Products */;
			projectDirPath = "";
			projectRoot = "";
			targets = (
				FCAB87902CCE9A2E00FEB804 /* testIban */,
				FCAB87A02CCE9A2F00FEB804 /* testIbanTests */,
				FCAB87AA2CCE9A2F00FEB804 /* testIbanUITests */,
			);
		};
/* End PBXProject section */

/* Begin PBXResourcesBuildPhase section */
		FCAB878F2CCE9A2E00FEB804 /* Resources */ = {
			isa = PBXResourcesBuildPhase;
			buildActionMask = 2147483647;
			files = (
			);
			runOnlyForDeploymentPostprocessing = 0;
		};
		FCAB879F2CCE9A2F00FEB804 /* Resources */ = {
			isa = PBXResourcesBuildPhase;
			buildActionMask = 2147483647;
			files = (
			);
			runOnlyForDeploymentPostprocessing = 0;
		};
		FCAB87A92CCE9A2F00FEB804 /* Resources */ = {
			isa = PBXResourcesBuildPhase;
			buildActionMask = 2147483647;
			files = (
			);
			runOnlyForDeploymentPostprocessing = 0;
		};
/* End PBXResourcesBuildPhase section */

/* Begin PBXSourcesBuildPhase section */
		FCAB878D2CCE9A2E00FEB804 /* Sources */ = {
			isa = PBXSourcesBuildPhase;
			buildActionMask = 2147483647;
			files = (
			);
			runOnlyForDeploymentPostprocessing = 0;
		};
		FCAB879D2CCE9A2F00FEB804 /* Sources */ = {
			isa = PBXSourcesBuildPhase;
			buildActionMask = 2147483647;
			files = (
			);
			runOnlyForDeploymentPostprocessing = 0;
		};
		FCAB87A72CCE9A2F00FEB804 /* Sources */ = {
			isa = PBXSourcesBuildPhase;
			buildActionMask = 2147483647;
			files = (
			);
			runOnlyForDeploymentPostprocessing = 0;
		};
/* End PBXSourcesBuildPhase section */

/* Begin PBXTargetDependency section */
		FCAB87A32CCE9A2F00FEB804 /* PBXTargetDependency */ = {
			isa = PBXTargetDependency;
			target = FCAB87902CCE9A2E00FEB804 /* testIban */;
			targetProxy = FCAB87A22CCE9A2F00FEB804 /* PBXContainerItemProxy */;
		};
		FCAB87AD2CCE9A2F00FEB804 /* PBXTargetDependency */ = {
			isa = PBXTargetDependency;
			target = FCAB87902CCE9A2E00FEB804 /* testIban */;
			targetProxy = FCAB87AC2CCE9A2F00FEB804 /* PBXContainerItemProxy */;
		};
/* End PBXTargetDependency section */

/* Begin XCBuildConfiguration section */
		FCAB87B32CCE9A2F00FEB804 /* Debug */ = {
			isa = XCBuildConfiguration;
			buildSettings = {
				ALWAYS_SEARCH_USER_PATHS = NO;
				ASSETCATALOG_COMPILER_GENERATE_SWIFT_ASSET_SYMBOL_EXTENSIONS = YES;
				CLANG_ANALYZER_NONNULL = YES;
				CLANG_ANALYZER_NUMBER_OBJECT_CONVERSION = YES_AGGRESSIVE;
				CLANG_CXX_LANGUAGE_STANDARD = "gnu++20";
				CLANG_ENABLE_MODULES = YES;
				CLANG_ENABLE_OBJC_ARC = YES;
				CLANG_ENABLE_OBJC_WEAK = YES;
				CLANG_WARN_BLOCK_CAPTURE_AUTORELEASING = YES;
				CLANG_WARN_BOOL_CONVERSION = YES;
				CLANG_WARN_COMMA = YES;
				CLANG_WARN_CONSTANT_CONVERSION = YES;
				CLANG_WARN_DEPRECATED_OBJC_IMPLEMENTATIONS = YES;
				CLANG_WARN_DIRECT_OBJC_ISA_USAGE = YES_ERROR;
				CLANG_WARN_DOCUMENTATION_COMMENTS = YES;
				CLANG_WARN_EMPTY_BODY = YES;
				CLANG_WARN_ENUM_CONVERSION = YES;
				CLANG_WARN_INFINITE_RECURSION = YES;
				CLANG_WARN_INT_CONVERSION = YES;
				CLANG_WARN_NON_LITERAL_NULL_CONVERSION = YES;
				CLANG_WARN_OBJC_IMPLICIT_RETAIN_SELF = YES;
				CLANG_WARN_OBJC_LITERAL_CONVERSION = YES;
				CLANG_WARN_OBJC_ROOT_CLASS = YES_ERROR;
				CLANG_WARN_QUOTED_INCLUDE_IN_FRAMEWORK_HEADER = YES;
				CLANG_WARN_RANGE_LOOP_ANALYSIS = YES;
				CLANG_WARN_STRICT_PROTOTYPES = YES;
				CLANG_WARN_SUSPICIOUS_MOVE = YES;
				CLANG_WARN_UNGUARDED_AVAILABILITY = YES_AGGRESSIVE;
				CLANG_WARN_UNREACHABLE_CODE = YES;
				CLANG_WARN__DUPLICATE_METHOD_MATCH = YES;
				COPY_PHASE_STRIP = NO;
				DEBUG_INFORMATION_FORMAT = dwarf;
				ENABLE_STRICT_OBJC_MSGSEND = YES;
				ENABLE_TESTABILITY = YES;
				ENABLE_USER_SCRIPT_SANDBOXING = YES;
				GCC_C_LANGUAGE_STANDARD = gnu17;
				GCC_DYNAMIC_NO_PIC = NO;
				GCC_NO_COMMON_BLOCKS = YES;
				GCC_OPTIMIZATION_LEVEL = 0;
				GCC_PREPROCESSOR_DEFINITIONS = (
					"DEBUG=1",
					"$(inherited)",
				);
				GCC_WARN_64_TO_32_BIT_CONVERSION = YES;
				GCC_WARN_ABOUT_RETURN_TYPE = YES_ERROR;
				GCC_WARN_UNDECLARED_SELECTOR = YES;
				GCC_WARN_UNINITIALIZED_AUTOS = YES_AGGRESSIVE;
				GCC_WARN_UNUSED_FUNCTION = YES;
				GCC_WARN_UNUSED_VARIABLE = YES;
				IPHONEOS_DEPLOYMENT_TARGET = 18.0;
				LOCALIZATION_PREFERS_STRING_CATALOGS = YES;
				MTL_ENABLE_DEBUG_INFO = INCLUDE_SOURCE;
				MTL_FAST_MATH = YES;
				ONLY_ACTIVE_ARCH = YES;
				SDKROOT = iphoneos;
				SWIFT_ACTIVE_COMPILATION_CONDITIONS = "DEBUG $(inherited)";
				SWIFT_OPTIMIZATION_LEVEL = "-Onone";
			};
			name = Debug;
		};
		FCAB87B42CCE9A2F00FEB804 /* Release */ = {
			isa = XCBuildConfiguration;
			buildSettings = {
				ALWAYS_SEARCH_USER_PATHS = NO;
				ASSETCATALOG_COMPILER_GENERATE_SWIFT_ASSET_SYMBOL_EXTENSIONS = YES;
				CLANG_ANALYZER_NONNULL = YES;
				CLANG_ANALYZER_NUMBER_OBJECT_CONVERSION = YES_AGGRESSIVE;
				CLANG_CXX_LANGUAGE_STANDARD = "gnu++20";
				CLANG_ENABLE_MODULES = YES;
				CLANG_ENABLE_OBJC_ARC = YES;
				CLANG_ENABLE_OBJC_WEAK = YES;
				CLANG_WARN_BLOCK_CAPTURE_AUTORELEASING = YES;
				CLANG_WARN_BOOL_CONVERSION = YES;
				CLANG_WARN_COMMA = YES;
				CLANG_WARN_CONSTANT_CONVERSION = YES;
				CLANG_WARN_DEPRECATED_OBJC_IMPLEMENTATIONS = YES;
				CLANG_WARN_DIRECT_OBJC_ISA_USAGE = YES_ERROR;
				CLANG_WARN_DOCUMENTATION_COMMENTS = YES;
				CLANG_WARN_EMPTY_BODY = YES;
				CLANG_WARN_ENUM_CONVERSION = YES;
				CLANG_WARN_INFINITE_RECURSION = YES;
				CLANG_WARN_INT_CONVERSION = YES;
				CLANG_WARN_NON_LITERAL_NULL_CONVERSION = YES;
				CLANG_WARN_OBJC_IMPLICIT_RETAIN_SELF = YES;
				CLANG_WARN_OBJC_LITERAL_CONVERSION = YES;
				CLANG_WARN_OBJC_ROOT_CLASS = YES_ERROR;
				CLANG_WARN_QUOTED_INCLUDE_IN_FRAMEWORK_HEADER = YES;
				CLANG_WARN_RANGE_LOOP_ANALYSIS = YES;
				CLANG_WARN_STRICT_PROTOTYPES = YES;
				CLANG_WARN_SUSPICIOUS_MOVE = YES;
				CLANG_WARN_UNGUARDED_AVAILABILITY = YES_AGGRESSIVE;
				CLANG_WARN_UNREACHABLE_CODE = YES;
				CLANG_WARN__DUPLICATE_METHOD_MATCH = YES;
				COPY_PHASE_STRIP = NO;
				DEBUG_INFORMATION_FORMAT = "dwarf-with-dsym";
				ENABLE_NS_ASSERTIONS = NO;
				ENABLE_STRICT_OBJC_MSGSEND = YES;
				ENABLE_USER_SCRIPT_SANDBOXING = YES;
				GCC_C_LANGUAGE_STANDARD = gnu17;
				GCC_NO_COMMON_BLOCKS = YES;
				GCC_WARN_64_TO_32_BIT_CONVERSION = YES;
				GCC_WARN_ABOUT_RETURN_TYPE = YES_ERROR;
				GCC_WARN_UNDECLARED_SELECTOR = YES;
				GCC_WARN_UNINITIALIZED_AUTOS = YES_AGGRESSIVE;
				GCC_WARN_UNUSED_FUNCTION = YES;
				GCC_WARN_UNUSED_VARIABLE = YES;
				IPHONEOS_DEPLOYMENT_TARGET = 18.0;
				LOCALIZATION_PREFERS_STRING_CATALOGS = YES;
				MTL_ENABLE_DEBUG_INFO = NO;
				MTL_FAST_MATH = YES;
				SDKROOT = iphoneos;
				SWIFT_COMPILATION_MODE = wholemodule;
				VALIDATE_PRODUCT = YES;
			};
			name = Release;
		};
		FCAB87B62CCE9A2F00FEB804 /* Debug */ = {
			isa = XCBuildConfiguration;
			buildSettings = {
				ASSETCATALOG_COMPILER_APPICON_NAME = AppIcon;
				ASSETCATALOG_COMPILER_GLOBAL_ACCENT_COLOR_NAME = AccentColor;
				CODE_SIGN_STYLE = Automatic;
				CURRENT_PROJECT_VERSION = 1;
				DEVELOPMENT_ASSET_PATHS = "\"testIban/Preview Content\"";
				DEVELOPMENT_TEAM = 56D5PMZ47U;
				ENABLE_PREVIEWS = YES;
				GENERATE_INFOPLIST_FILE = YES;
				INFOPLIST_KEY_UIApplicationSceneManifest_Generation = YES;
				INFOPLIST_KEY_UIApplicationSupportsIndirectInputEvents = YES;
				INFOPLIST_KEY_UILaunchScreen_Generation = YES;
				INFOPLIST_KEY_UISupportedInterfaceOrientations_iPad = "UIInterfaceOrientationPortrait UIInterfaceOrientationPortraitUpsideDown UIInterfaceOrientationLandscapeLeft UIInterfaceOrientationLandscapeRight";
				INFOPLIST_KEY_UISupportedInterfaceOrientations_iPhone = "UIInterfaceOrientationPortrait UIInterfaceOrientationLandscapeLeft UIInterfaceOrientationLandscapeRight";
				LD_RUNPATH_SEARCH_PATHS = (
					"$(inherited)",
					"@executable_path/Frameworks",
				);
				MARKETING_VERSION = 1.0;
				PRODUCT_BUNDLE_IDENTIFIER = com.belhassenlimam.testIban;
				PRODUCT_NAME = "$(TARGET_NAME)";
				SWIFT_EMIT_LOC_STRINGS = YES;
				SWIFT_VERSION = 5.0;
				TARGETED_DEVICE_FAMILY = "1,2";
			};
			name = Debug;
		};
		FCAB87B72CCE9A2F00FEB804 /* Release */ = {
			isa = XCBuildConfiguration;
			buildSettings = {
				ASSETCATALOG_COMPILER_APPICON_NAME = AppIcon;
				ASSETCATALOG_COMPILER_GLOBAL_ACCENT_COLOR_NAME = AccentColor;
				CODE_SIGN_STYLE = Automatic;
				CURRENT_PROJECT_VERSION = 1;
				DEVELOPMENT_ASSET_PATHS = "\"testIban/Preview Content\"";
				DEVELOPMENT_TEAM = 56D5PMZ47U;
				ENABLE_PREVIEWS = YES;
				GENERATE_INFOPLIST_FILE = YES;
				INFOPLIST_KEY_UIApplicationSceneManifest_Generation = YES;
				INFOPLIST_KEY_UIApplicationSupportsIndirectInputEvents = YES;
				INFOPLIST_KEY_UILaunchScreen_Generation = YES;
				INFOPLIST_KEY_UISupportedInterfaceOrientations_iPad = "UIInterfaceOrientationPortrait UIInterfaceOrientationPortraitUpsideDown UIInterfaceOrientationLandscapeLeft UIInterfaceOrientationLandscapeRight";
				INFOPLIST_KEY_UISupportedInterfaceOrientations_iPhone = "UIInterfaceOrientationPortrait UIInterfaceOrientationLandscapeLeft UIInterfaceOrientationLandscapeRight";
				LD_RUNPATH_SEARCH_PATHS = (
					"$(inherited)",
					"@executable_path/Frameworks",
				);
				MARKETING_VERSION = 1.0;
				PRODUCT_BUNDLE_IDENTIFIER = com.belhassenlimam.testIban;
				PRODUCT_NAME = "$(TARGET_NAME)";
				SWIFT_EMIT_LOC_STRINGS = YES;
				SWIFT_VERSION = 5.0;
				TARGETED_DEVICE_FAMILY = "1,2";
			};
			name = Release;
		};
		FCAB87B92CCE9A2F00FEB804 /* Debug */ = {
			isa = XCBuildConfiguration;
			buildSettings = {
				BUNDLE_LOADER = "$(TEST_HOST)";
				CODE_SIGN_STYLE = Automatic;
				CURRENT_PROJECT_VERSION = 1;
				DEVELOPMENT_TEAM = 56D5PMZ47U;
				GENERATE_INFOPLIST_FILE = YES;
				IPHONEOS_DEPLOYMENT_TARGET = 18.0;
				MARKETING_VERSION = 1.0;
				PRODUCT_BUNDLE_IDENTIFIER = com.belhassenlimam.testIbanTests;
				PRODUCT_NAME = "$(TARGET_NAME)";
				SWIFT_EMIT_LOC_STRINGS = NO;
				SWIFT_VERSION = 5.0;
				TARGETED_DEVICE_FAMILY = "1,2";
				TEST_HOST = "$(BUILT_PRODUCTS_DIR)/testIban.app/$(BUNDLE_EXECUTABLE_FOLDER_PATH)/testIban";
			};
			name = Debug;
		};
		FCAB87BA2CCE9A2F00FEB804 /* Release */ = {
			isa = XCBuildConfiguration;
			buildSettings = {
				BUNDLE_LOADER = "$(TEST_HOST)";
				CODE_SIGN_STYLE = Automatic;
				CURRENT_PROJECT_VERSION = 1;
				DEVELOPMENT_TEAM = 56D5PMZ47U;
				GENERATE_INFOPLIST_FILE = YES;
				IPHONEOS_DEPLOYMENT_TARGET = 18.0;
				MARKETING_VERSION = 1.0;
				PRODUCT_BUNDLE_IDENTIFIER = com.belhassenlimam.testIbanTests;
				PRODUCT_NAME = "$(TARGET_NAME)";
				SWIFT_EMIT_LOC_STRINGS = NO;
				SWIFT_VERSION = 5.0;
				TARGETED_DEVICE_FAMILY = "1,2";
				TEST_HOST = "$(BUILT_PRODUCTS_DIR)/testIban.app/$(BUNDLE_EXECUTABLE_FOLDER_PATH)/testIban";
			};
			name = Release;
		};
		FCAB87BC2CCE9A2F00FEB804 /* Debug */ = {
			isa = XCBuildConfiguration;
			buildSettings = {
				CODE_SIGN_STYLE = Automatic;
				CURRENT_PROJECT_VERSION = 1;
				DEVELOPMENT_TEAM = 56D5PMZ47U;
				GENERATE_INFOPLIST_FILE = YES;
				MARKETING_VERSION = 1.0;
				PRODUCT_BUNDLE_IDENTIFIER = com.belhassenlimam.testIbanUITests;
				PRODUCT_NAME = "$(TARGET_NAME)";
				SWIFT_EMIT_LOC_STRINGS = NO;
				SWIFT_VERSION = 5.0;
				TARGETED_DEVICE_FAMILY = "1,2";
				TEST_TARGET_NAME = testIban;
			};
			name = Debug;
		};
		FCAB87BD2CCE9A2F00FEB804 /* Release */ = {
			isa = XCBuildConfiguration;
			buildSettings = {
				CODE_SIGN_STYLE = Automatic;
				CURRENT_PROJECT_VERSION = 1;
				DEVELOPMENT_TEAM = 56D5PMZ47U;
				GENERATE_INFOPLIST_FILE = YES;
				MARKETING_VERSION = 1.0;
				PRODUCT_BUNDLE_IDENTIFIER = com.belhassenlimam.testIbanUITests;
				PRODUCT_NAME = "$(TARGET_NAME)";
				SWIFT_EMIT_LOC_STRINGS = NO;
				SWIFT_VERSION = 5.0;
				TARGETED_DEVICE_FAMILY = "1,2";
				TEST_TARGET_NAME = testIban;
			};
			name = Release;
		};
/* End XCBuildConfiguration section */

/* Begin XCConfigurationList section */
		FCAB878C2CCE9A2E00FEB804 /* Build configuration list for PBXProject "testIban" */ = {
			isa = XCConfigurationList;
			buildConfigurations = (
				FCAB87B32CCE9A2F00FEB804 /* Debug */,
				FCAB87B42CCE9A2F00FEB804 /* Release */,
			);
			defaultConfigurationIsVisible = 0;
			defaultConfigurationName = Release;
		};
		FCAB87B52CCE9A2F00FEB804 /* Build configuration list for PBXNativeTarget "testIban" */ = {
			isa = XCConfigurationList;
			buildConfigurations = (
				FCAB87B62CCE9A2F00FEB804 /* Debug */,
				FCAB87B72CCE9A2F00FEB804 /* Release */,
			);
			defaultConfigurationIsVisible = 0;
			defaultConfigurationName = Release;
		};
		FCAB87B82CCE9A2F00FEB804 /* Build configuration list for PBXNativeTarget "testIbanTests" */ = {
			isa = XCConfigurationList;
			buildConfigurations = (
				FCAB87B92CCE9A2F00FEB804 /* Debug */,
				FCAB87BA2CCE9A2F00FEB804 /* Release */,
			);
			defaultConfigurationIsVisible = 0;
			defaultConfigurationName = Release;
		};
		FCAB87BB2CCE9A2F00FEB804 /* Build configuration list for PBXNativeTarget "testIbanUITests" */ = {
			isa = XCConfigurationList;
			buildConfigurations = (
				FCAB87BC2CCE9A2F00FEB804 /* Debug */,
				FCAB87BD2CCE9A2F00FEB804 /* Release */,
			);
			defaultConfigurationIsVisible = 0;
			defaultConfigurationName = Release;
		};
/* End XCConfigurationList section */
	};
	rootObject = FCAB87892CCE9A2E00FEB804 /* Project object */;
}
